
Microsoft Visual Studio Solution File, Format Version 12.00
# Visual Studio Version 17
VisualStudioVersion = 17.6.33829.357
MinimumVisualStudioVersion = 10.0.40219.1
Project("{FAE04EC0-301F-11D3-BF4B-00C04F79EFBC}") = "C-Sharp", "C-Sharp.csproj", "{2E546E1F-1D16-4140-8395-37BFE2FCFA51}"
EndProject
Global
	GlobalSection(SolutionConfigurationPlatforms) = preSolution
		Debug|Any CPU = Debug|Any CPU
		Release|Any CPU = Release|Any CPU
	EndGlobalSection
	GlobalSection(ProjectConfigurationPlatforms) = postSolution
		{2E546E1F-1D16-4140-8395-37BFE2FCFA51}.Debug|Any CPU.ActiveCfg = Debug|Any CPU
		{2E546E1F-1D16-4140-8395-37BFE2FCFA51}.Debug|Any CPU.Build.0 = Debug|Any CPU
		{2E546E1F-1D16-4140-8395-37BFE2FCFA51}.Release|Any CPU.ActiveCfg = Release|Any CPU
		{2E546E1F-1D16-4140-8395-37BFE2FCFA51}.Release|Any CPU.Build.0 = Release|Any CPU
	EndGlobalSection
	GlobalSection(SolutionProperties) = preSolution
		HideSolutionNode = FALSE
	EndGlobalSection
	GlobalSection(ExtensibilityGlobals) = postSolution
		SolutionGuid = {590BD017-01CE-4316-942C-F430CE57418B}
	EndGlobalSection
EndGlobal
